packages:
  apb:
    revision: 2f654f38b8f6420301c8c3213aac212a0e44ccef
    version: null
    source:
      Git: https://github.com/pulp-platform/apb.git
    dependencies:
    - common_cells
  axi:
    revision: 82ff192f53f452d1d505e1abf1731f358eb30e28
    version: null
    source:
      Git: https://github.com/pulp-platform/axi.git
    dependencies:
    - common_cells
    - common_verification
    - tech_cells_generic
  common_cells:
    revision: 88e7f97210dfce5da38390bfb9d3c21eb998810c
    version: 2.0.0-beta
    source:
      Git: https://github.com/pulp-platform/common_cells.git
    dependencies:
    - common_verification
    - tech_cells_generic
  common_verification:
    revision: fb1885f48ea46164a10568aeff51884389f67ae3
    version: 0.2.5
    source:
      Git: https://github.com/pulp-platform/common_verification.git
    dependencies: []
  register_interface:
    revision: d8eb261c1cf623ecaca09b4b8283feef090713f7
    version: null
    source:
      Git: https://github.com/pulp-platform/register_interface.git
    dependencies:
    - apb
    - axi
    - common_cells
    - common_verification
  tech_cells_generic:
    revision: 3a3de73632a06826b1bd9c65a0a2e92b32016845
    version: 0.2.14
    source:
      Git: https://github.com/pulp-platform/tech_cells_generic.git
    dependencies:
    - common_verification
